
Microsoft Visual Studio Solution File, Format Version 12.00
# Visual Studio 15
VisualStudioVersion = 15.0.26124.0
MinimumVisualStudioVersion = 15.0.26124.0
Project("{2150E333-8FDC-42A3-9474-1A3956D46DE8}") = "src", "src", "{75A41732-85E7-4C66-8A28-814F4DE0DEE4}"
EndProject
Project("{FAE04EC0-301F-11D3-BF4B-00C04F79EFBC}") = "Craftsman.Api", "src\Craftsman.Api\Craftsman.Api.csproj", "{4FAE83CD-10BA-4E41-8FA6-AC5B06CE4C9F}"
EndProject
Project("{FAE04EC0-301F-11D3-BF4B-00C04F79EFBC}") = "Craftsman.Domain", "src\Craftsman.Domain\Craftsman.Domain.csproj", "{7500ECFA-60F7-4C0E-A7DF-41084C862ACF}"
EndProject
Project("{FAE04EC0-301F-11D3-BF4B-00C04F79EFBC}") = "Craftsman.Infrastructure", "src\Craftsman.Infrastructure\Craftsman.Infrastructure.csproj", "{19410D2D-3DCF-4A57-8CCA-ED78D64E9101}"
EndProject
Project("{FAE04EC0-301F-11D3-BF4B-00C04F79EFBC}") = "Craftsman.Shared", "src\Craftsman.Shared\Craftsman.Shared.csproj", "{0CA8E2B4-3874-4D8D-A211-87EEBD2C73F2}"
EndProject
Project("{2150E333-8FDC-42A3-9474-1A3956D46DE8}") = "__tests__", "__tests__", "{16859E94-B7E0-43D6-A6B3-3E3AC38EDD59}"
EndProject
Project("{FAE04EC0-301F-11D3-BF4B-00C04F79EFBC}") = "Craftsman.Tests", "__tests__\Craftsman.Test\Craftsman.Tests.csproj", "{B5779C65-DE9F-480E-A5B0-77A3396EA39E}"
EndProject
Global
	GlobalSection(SolutionConfigurationPlatforms) = preSolution
		Debug|Any CPU = Debug|Any CPU
		Debug|x64 = Debug|x64
		Debug|x86 = Debug|x86
		Release|Any CPU = Release|Any CPU
		Release|x64 = Release|x64
		Release|x86 = Release|x86
	EndGlobalSection
	GlobalSection(SolutionProperties) = preSolution
		HideSolutionNode = FALSE
	EndGlobalSection
	GlobalSection(ProjectConfigurationPlatforms) = postSolution
		{1E7E4945-AB86-40A2-A088-B3BA04575C00}.Debug|Any CPU.ActiveCfg = Debug|Any CPU
		{1E7E4945-AB86-40A2-A088-B3BA04575C00}.Debug|Any CPU.Build.0 = Debug|Any CPU
		{1E7E4945-AB86-40A2-A088-B3BA04575C00}.Debug|x64.ActiveCfg = Debug|Any CPU
		{1E7E4945-AB86-40A2-A088-B3BA04575C00}.Debug|x64.Build.0 = Debug|Any CPU
		{1E7E4945-AB86-40A2-A088-B3BA04575C00}.Debug|x86.ActiveCfg = Debug|Any CPU
		{1E7E4945-AB86-40A2-A088-B3BA04575C00}.Debug|x86.Build.0 = Debug|Any CPU
		{1E7E4945-AB86-40A2-A088-B3BA04575C00}.Release|Any CPU.ActiveCfg = Release|Any CPU
		{1E7E4945-AB86-40A2-A088-B3BA04575C00}.Release|Any CPU.Build.0 = Release|Any CPU
		{1E7E4945-AB86-40A2-A088-B3BA04575C00}.Release|x64.ActiveCfg = Release|Any CPU
		{1E7E4945-AB86-40A2-A088-B3BA04575C00}.Release|x64.Build.0 = Release|Any CPU
		{1E7E4945-AB86-40A2-A088-B3BA04575C00}.Release|x86.ActiveCfg = Release|Any CPU
		{1E7E4945-AB86-40A2-A088-B3BA04575C00}.Release|x86.Build.0 = Release|Any CPU
		{438DF562-7ED7-405E-A73F-EA336C838B68}.Debug|Any CPU.ActiveCfg = Debug|Any CPU
		{438DF562-7ED7-405E-A73F-EA336C838B68}.Debug|Any CPU.Build.0 = Debug|Any CPU
		{438DF562-7ED7-405E-A73F-EA336C838B68}.Debug|x64.ActiveCfg = Debug|Any CPU
		{438DF562-7ED7-405E-A73F-EA336C838B68}.Debug|x64.Build.0 = Debug|Any CPU
		{438DF562-7ED7-405E-A73F-EA336C838B68}.Debug|x86.ActiveCfg = Debug|Any CPU
		{438DF562-7ED7-405E-A73F-EA336C838B68}.Debug|x86.Build.0 = Debug|Any CPU
		{438DF562-7ED7-405E-A73F-EA336C838B68}.Release|Any CPU.ActiveCfg = Release|Any CPU
		{438DF562-7ED7-405E-A73F-EA336C838B68}.Release|Any CPU.Build.0 = Release|Any CPU
		{438DF562-7ED7-405E-A73F-EA336C838B68}.Release|x64.ActiveCfg = Release|Any CPU
		{438DF562-7ED7-405E-A73F-EA336C838B68}.Release|x64.Build.0 = Release|Any CPU
		{438DF562-7ED7-405E-A73F-EA336C838B68}.Release|x86.ActiveCfg = Release|Any CPU
		{438DF562-7ED7-405E-A73F-EA336C838B68}.Release|x86.Build.0 = Release|Any CPU
		{C3DEF2B3-0530-4D28-BF96-6162293E0899}.Debug|Any CPU.ActiveCfg = Debug|Any CPU
		{C3DEF2B3-0530-4D28-BF96-6162293E0899}.Debug|Any CPU.Build.0 = Debug|Any CPU
		{C3DEF2B3-0530-4D28-BF96-6162293E0899}.Debug|x64.ActiveCfg = Debug|Any CPU
		{C3DEF2B3-0530-4D28-BF96-6162293E0899}.Debug|x64.Build.0 = Debug|Any CPU
		{C3DEF2B3-0530-4D28-BF96-6162293E0899}.Debug|x86.ActiveCfg = Debug|Any CPU
		{C3DEF2B3-0530-4D28-BF96-6162293E0899}.Debug|x86.Build.0 = Debug|Any CPU
		{C3DEF2B3-0530-4D28-BF96-6162293E0899}.Release|Any CPU.ActiveCfg = Release|Any CPU
		{C3DEF2B3-0530-4D28-BF96-6162293E0899}.Release|Any CPU.Build.0 = Release|Any CPU
		{C3DEF2B3-0530-4D28-BF96-6162293E0899}.Release|x64.ActiveCfg = Release|Any CPU
		{C3DEF2B3-0530-4D28-BF96-6162293E0899}.Release|x64.Build.0 = Release|Any CPU
		{C3DEF2B3-0530-4D28-BF96-6162293E0899}.Release|x86.ActiveCfg = Release|Any CPU
		{C3DEF2B3-0530-4D28-BF96-6162293E0899}.Release|x86.Build.0 = Release|Any CPU
		{660E912E-E3A5-49A5-ACCD-CA02FA608EDA}.Debug|Any CPU.ActiveCfg = Debug|Any CPU
		{660E912E-E3A5-49A5-ACCD-CA02FA608EDA}.Debug|Any CPU.Build.0 = Debug|Any CPU
		{660E912E-E3A5-49A5-ACCD-CA02FA608EDA}.Debug|x64.ActiveCfg = Debug|Any CPU
		{660E912E-E3A5-49A5-ACCD-CA02FA608EDA}.Debug|x64.Build.0 = Debug|Any CPU
		{660E912E-E3A5-49A5-ACCD-CA02FA608EDA}.Debug|x86.ActiveCfg = Debug|Any CPU
		{660E912E-E3A5-49A5-ACCD-CA02FA608EDA}.Debug|x86.Build.0 = Debug|Any CPU
		{660E912E-E3A5-49A5-ACCD-CA02FA608EDA}.Release|Any CPU.ActiveCfg = Release|Any CPU
		{660E912E-E3A5-49A5-ACCD-CA02FA608EDA}.Release|Any CPU.Build.0 = Release|Any CPU
		{660E912E-E3A5-49A5-ACCD-CA02FA608EDA}.Release|x64.ActiveCfg = Release|Any CPU
		{660E912E-E3A5-49A5-ACCD-CA02FA608EDA}.Release|x64.Build.0 = Release|Any CPU
		{660E912E-E3A5-49A5-ACCD-CA02FA608EDA}.Release|x86.ActiveCfg = Release|Any CPU
		{660E912E-E3A5-49A5-ACCD-CA02FA608EDA}.Release|x86.Build.0 = Release|Any CPU
		{BC75A8F4-E545-4157-9A5D-D84BC8285F16}.Debug|Any CPU.ActiveCfg = Debug|Any CPU
		{BC75A8F4-E545-4157-9A5D-D84BC8285F16}.Debug|Any CPU.Build.0 = Debug|Any CPU
		{BC75A8F4-E545-4157-9A5D-D84BC8285F16}.Debug|x64.ActiveCfg = Debug|Any CPU
		{BC75A8F4-E545-4157-9A5D-D84BC8285F16}.Debug|x64.Build.0 = Debug|Any CPU
		{BC75A8F4-E545-4157-9A5D-D84BC8285F16}.Debug|x86.ActiveCfg = Debug|Any CPU
		{BC75A8F4-E545-4157-9A5D-D84BC8285F16}.Debug|x86.Build.0 = Debug|Any CPU
		{BC75A8F4-E545-4157-9A5D-D84BC8285F16}.Release|Any CPU.ActiveCfg = Release|Any CPU
		{BC75A8F4-E545-4157-9A5D-D84BC8285F16}.Release|Any CPU.Build.0 = Release|Any CPU
		{BC75A8F4-E545-4157-9A5D-D84BC8285F16}.Release|x64.ActiveCfg = Release|Any CPU
		{BC75A8F4-E545-4157-9A5D-D84BC8285F16}.Release|x64.Build.0 = Release|Any CPU
		{BC75A8F4-E545-4157-9A5D-D84BC8285F16}.Release|x86.ActiveCfg = Release|Any CPU
		{BC75A8F4-E545-4157-9A5D-D84BC8285F16}.Release|x86.Build.0 = Release|Any CPU
		{297E716A-BA7F-422F-95F5-F96742D831CD}.Debug|Any CPU.ActiveCfg = Debug|Any CPU
		{297E716A-BA7F-422F-95F5-F96742D831CD}.Debug|Any CPU.Build.0 = Debug|Any CPU
		{297E716A-BA7F-422F-95F5-F96742D831CD}.Debug|x64.ActiveCfg = Debug|Any CPU
		{297E716A-BA7F-422F-95F5-F96742D831CD}.Debug|x64.Build.0 = Debug|Any CPU
		{297E716A-BA7F-422F-95F5-F96742D831CD}.Debug|x86.ActiveCfg = Debug|Any CPU
		{297E716A-BA7F-422F-95F5-F96742D831CD}.Debug|x86.Build.0 = Debug|Any CPU
		{297E716A-BA7F-422F-95F5-F96742D831CD}.Release|Any CPU.ActiveCfg = Release|Any CPU
		{297E716A-BA7F-422F-95F5-F96742D831CD}.Release|Any CPU.Build.0 = Release|Any CPU
		{297E716A-BA7F-422F-95F5-F96742D831CD}.Release|x64.ActiveCfg = Release|Any CPU
		{297E716A-BA7F-422F-95F5-F96742D831CD}.Release|x64.Build.0 = Release|Any CPU
		{297E716A-BA7F-422F-95F5-F96742D831CD}.Release|x86.ActiveCfg = Release|Any CPU
		{297E716A-BA7F-422F-95F5-F96742D831CD}.Release|x86.Build.0 = Release|Any CPU
		{272E3965-3B0F-49EB-9ED5-6DBB3AB0167A}.Debug|Any CPU.ActiveCfg = Debug|Any CPU
		{272E3965-3B0F-49EB-9ED5-6DBB3AB0167A}.Debug|Any CPU.Build.0 = Debug|Any CPU
		{272E3965-3B0F-49EB-9ED5-6DBB3AB0167A}.Debug|x64.ActiveCfg = Debug|Any CPU
		{272E3965-3B0F-49EB-9ED5-6DBB3AB0167A}.Debug|x64.Build.0 = Debug|Any CPU
		{272E3965-3B0F-49EB-9ED5-6DBB3AB0167A}.Debug|x86.ActiveCfg = Debug|Any CPU
		{272E3965-3B0F-49EB-9ED5-6DBB3AB0167A}.Debug|x86.Build.0 = Debug|Any CPU
		{272E3965-3B0F-49EB-9ED5-6DBB3AB0167A}.Release|Any CPU.ActiveCfg = Release|Any CPU
		{272E3965-3B0F-49EB-9ED5-6DBB3AB0167A}.Release|Any CPU.Build.0 = Release|Any CPU
		{272E3965-3B0F-49EB-9ED5-6DBB3AB0167A}.Release|x64.ActiveCfg = Release|Any CPU
		{272E3965-3B0F-49EB-9ED5-6DBB3AB0167A}.Release|x64.Build.0 = Release|Any CPU
		{272E3965-3B0F-49EB-9ED5-6DBB3AB0167A}.Release|x86.ActiveCfg = Release|Any CPU
		{272E3965-3B0F-49EB-9ED5-6DBB3AB0167A}.Release|x86.Build.0 = Release|Any CPU
		{13767F9B-06A6-463B-932D-E146250ABE96}.Debug|Any CPU.ActiveCfg = Debug|Any CPU
		{13767F9B-06A6-463B-932D-E146250ABE96}.Debug|Any CPU.Build.0 = Debug|Any CPU
		{13767F9B-06A6-463B-932D-E146250ABE96}.Debug|x64.ActiveCfg = Debug|Any CPU
		{13767F9B-06A6-463B-932D-E146250ABE96}.Debug|x64.Build.0 = Debug|Any CPU
		{13767F9B-06A6-463B-932D-E146250ABE96}.Debug|x86.ActiveCfg = Debug|Any CPU
		{13767F9B-06A6-463B-932D-E146250ABE96}.Debug|x86.Build.0 = Debug|Any CPU
		{13767F9B-06A6-463B-932D-E146250ABE96}.Release|Any CPU.ActiveCfg = Release|Any CPU
		{13767F9B-06A6-463B-932D-E146250ABE96}.Release|Any CPU.Build.0 = Release|Any CPU
		{13767F9B-06A6-463B-932D-E146250ABE96}.Release|x64.ActiveCfg = Release|Any CPU
		{13767F9B-06A6-463B-932D-E146250ABE96}.Release|x64.Build.0 = Release|Any CPU
		{13767F9B-06A6-463B-932D-E146250ABE96}.Release|x86.ActiveCfg = Release|Any CPU
		{13767F9B-06A6-463B-932D-E146250ABE96}.Release|x86.Build.0 = Release|Any CPU
		{2A7C2941-84FD-4609-8FB2-2211E84BFFF3}.Debug|Any CPU.ActiveCfg = Debug|Any CPU
		{2A7C2941-84FD-4609-8FB2-2211E84BFFF3}.Debug|Any CPU.Build.0 = Debug|Any CPU
		{2A7C2941-84FD-4609-8FB2-2211E84BFFF3}.Debug|x64.ActiveCfg = Debug|Any CPU
		{2A7C2941-84FD-4609-8FB2-2211E84BFFF3}.Debug|x64.Build.0 = Debug|Any CPU
		{2A7C2941-84FD-4609-8FB2-2211E84BFFF3}.Debug|x86.ActiveCfg = Debug|Any CPU
		{2A7C2941-84FD-4609-8FB2-2211E84BFFF3}.Debug|x86.Build.0 = Debug|Any CPU
		{2A7C2941-84FD-4609-8FB2-2211E84BFFF3}.Release|Any CPU.ActiveCfg = Release|Any CPU
		{2A7C2941-84FD-4609-8FB2-2211E84BFFF3}.Release|Any CPU.Build.0 = Release|Any CPU
		{2A7C2941-84FD-4609-8FB2-2211E84BFFF3}.Release|x64.ActiveCfg = Release|Any CPU
		{2A7C2941-84FD-4609-8FB2-2211E84BFFF3}.Release|x64.Build.0 = Release|Any CPU
		{2A7C2941-84FD-4609-8FB2-2211E84BFFF3}.Release|x86.ActiveCfg = Release|Any CPU
		{2A7C2941-84FD-4609-8FB2-2211E84BFFF3}.Release|x86.Build.0 = Release|Any CPU
		{4FAE83CD-10BA-4E41-8FA6-AC5B06CE4C9F}.Debug|Any CPU.ActiveCfg = Debug|Any CPU
		{4FAE83CD-10BA-4E41-8FA6-AC5B06CE4C9F}.Debug|Any CPU.Build.0 = Debug|Any CPU
		{4FAE83CD-10BA-4E41-8FA6-AC5B06CE4C9F}.Debug|x64.ActiveCfg = Debug|Any CPU
		{4FAE83CD-10BA-4E41-8FA6-AC5B06CE4C9F}.Debug|x64.Build.0 = Debug|Any CPU
		{4FAE83CD-10BA-4E41-8FA6-AC5B06CE4C9F}.Debug|x86.ActiveCfg = Debug|Any CPU
		{4FAE83CD-10BA-4E41-8FA6-AC5B06CE4C9F}.Debug|x86.Build.0 = Debug|Any CPU
		{4FAE83CD-10BA-4E41-8FA6-AC5B06CE4C9F}.Release|Any CPU.ActiveCfg = Release|Any CPU
		{4FAE83CD-10BA-4E41-8FA6-AC5B06CE4C9F}.Release|Any CPU.Build.0 = Release|Any CPU
		{4FAE83CD-10BA-4E41-8FA6-AC5B06CE4C9F}.Release|x64.ActiveCfg = Release|Any CPU
		{4FAE83CD-10BA-4E41-8FA6-AC5B06CE4C9F}.Release|x64.Build.0 = Release|Any CPU
		{4FAE83CD-10BA-4E41-8FA6-AC5B06CE4C9F}.Release|x86.ActiveCfg = Release|Any CPU
		{4FAE83CD-10BA-4E41-8FA6-AC5B06CE4C9F}.Release|x86.Build.0 = Release|Any CPU
		{7500ECFA-60F7-4C0E-A7DF-41084C862ACF}.Debug|Any CPU.ActiveCfg = Debug|Any CPU
		{7500ECFA-60F7-4C0E-A7DF-41084C862ACF}.Debug|Any CPU.Build.0 = Debug|Any CPU
		{7500ECFA-60F7-4C0E-A7DF-41084C862ACF}.Debug|x64.ActiveCfg = Debug|Any CPU
		{7500ECFA-60F7-4C0E-A7DF-41084C862ACF}.Debug|x64.Build.0 = Debug|Any CPU
		{7500ECFA-60F7-4C0E-A7DF-41084C862ACF}.Debug|x86.ActiveCfg = Debug|Any CPU
		{7500ECFA-60F7-4C0E-A7DF-41084C862ACF}.Debug|x86.Build.0 = Debug|Any CPU
		{7500ECFA-60F7-4C0E-A7DF-41084C862ACF}.Release|Any CPU.ActiveCfg = Release|Any CPU
		{7500ECFA-60F7-4C0E-A7DF-41084C862ACF}.Release|Any CPU.Build.0 = Release|Any CPU
		{7500ECFA-60F7-4C0E-A7DF-41084C862ACF}.Release|x64.ActiveCfg = Release|Any CPU
		{7500ECFA-60F7-4C0E-A7DF-41084C862ACF}.Release|x64.Build.0 = Release|Any CPU
		{7500ECFA-60F7-4C0E-A7DF-41084C862ACF}.Release|x86.ActiveCfg = Release|Any CPU
		{7500ECFA-60F7-4C0E-A7DF-41084C862ACF}.Release|x86.Build.0 = Release|Any CPU
		{19410D2D-3DCF-4A57-8CCA-ED78D64E9101}.Debug|Any CPU.ActiveCfg = Debug|Any CPU
		{19410D2D-3DCF-4A57-8CCA-ED78D64E9101}.Debug|Any CPU.Build.0 = Debug|Any CPU
		{19410D2D-3DCF-4A57-8CCA-ED78D64E9101}.Debug|x64.ActiveCfg = Debug|Any CPU
		{19410D2D-3DCF-4A57-8CCA-ED78D64E9101}.Debug|x64.Build.0 = Debug|Any CPU
		{19410D2D-3DCF-4A57-8CCA-ED78D64E9101}.Debug|x86.ActiveCfg = Debug|Any CPU
		{19410D2D-3DCF-4A57-8CCA-ED78D64E9101}.Debug|x86.Build.0 = Debug|Any CPU
		{19410D2D-3DCF-4A57-8CCA-ED78D64E9101}.Release|Any CPU.ActiveCfg = Release|Any CPU
		{19410D2D-3DCF-4A57-8CCA-ED78D64E9101}.Release|Any CPU.Build.0 = Release|Any CPU
		{19410D2D-3DCF-4A57-8CCA-ED78D64E9101}.Release|x64.ActiveCfg = Release|Any CPU
		{19410D2D-3DCF-4A57-8CCA-ED78D64E9101}.Release|x64.Build.0 = Release|Any CPU
		{19410D2D-3DCF-4A57-8CCA-ED78D64E9101}.Release|x86.ActiveCfg = Release|Any CPU
		{19410D2D-3DCF-4A57-8CCA-ED78D64E9101}.Release|x86.Build.0 = Release|Any CPU
		{0CA8E2B4-3874-4D8D-A211-87EEBD2C73F2}.Debug|Any CPU.ActiveCfg = Debug|Any CPU
		{0CA8E2B4-3874-4D8D-A211-87EEBD2C73F2}.Debug|Any CPU.Build.0 = Debug|Any CPU
		{0CA8E2B4-3874-4D8D-A211-87EEBD2C73F2}.Debug|x64.ActiveCfg = Debug|Any CPU
		{0CA8E2B4-3874-4D8D-A211-87EEBD2C73F2}.Debug|x64.Build.0 = Debug|Any CPU
		{0CA8E2B4-3874-4D8D-A211-87EEBD2C73F2}.Debug|x86.ActiveCfg = Debug|Any CPU
		{0CA8E2B4-3874-4D8D-A211-87EEBD2C73F2}.Debug|x86.Build.0 = Debug|Any CPU
		{0CA8E2B4-3874-4D8D-A211-87EEBD2C73F2}.Release|Any CPU.ActiveCfg = Release|Any CPU
		{0CA8E2B4-3874-4D8D-A211-87EEBD2C73F2}.Release|Any CPU.Build.0 = Release|Any CPU
		{0CA8E2B4-3874-4D8D-A211-87EEBD2C73F2}.Release|x64.ActiveCfg = Release|Any CPU
		{0CA8E2B4-3874-4D8D-A211-87EEBD2C73F2}.Release|x64.Build.0 = Release|Any CPU
		{0CA8E2B4-3874-4D8D-A211-87EEBD2C73F2}.Release|x86.ActiveCfg = Release|Any CPU
		{0CA8E2B4-3874-4D8D-A211-87EEBD2C73F2}.Release|x86.Build.0 = Release|Any CPU
		{B5779C65-DE9F-480E-A5B0-77A3396EA39E}.Debug|Any CPU.ActiveCfg = Debug|Any CPU
		{B5779C65-DE9F-480E-A5B0-77A3396EA39E}.Debug|Any CPU.Build.0 = Debug|Any CPU
		{B5779C65-DE9F-480E-A5B0-77A3396EA39E}.Debug|x64.ActiveCfg = Debug|Any CPU
		{B5779C65-DE9F-480E-A5B0-77A3396EA39E}.Debug|x64.Build.0 = Debug|Any CPU
		{B5779C65-DE9F-480E-A5B0-77A3396EA39E}.Debug|x86.ActiveCfg = Debug|Any CPU
		{B5779C65-DE9F-480E-A5B0-77A3396EA39E}.Debug|x86.Build.0 = Debug|Any CPU
		{B5779C65-DE9F-480E-A5B0-77A3396EA39E}.Release|Any CPU.ActiveCfg = Release|Any CPU
		{B5779C65-DE9F-480E-A5B0-77A3396EA39E}.Release|Any CPU.Build.0 = Release|Any CPU
		{B5779C65-DE9F-480E-A5B0-77A3396EA39E}.Release|x64.ActiveCfg = Release|Any CPU
		{B5779C65-DE9F-480E-A5B0-77A3396EA39E}.Release|x64.Build.0 = Release|Any CPU
		{B5779C65-DE9F-480E-A5B0-77A3396EA39E}.Release|x86.ActiveCfg = Release|Any CPU
		{B5779C65-DE9F-480E-A5B0-77A3396EA39E}.Release|x86.Build.0 = Release|Any CPU
	EndGlobalSection
	GlobalSection(NestedProjects) = preSolution
		{4FAE83CD-10BA-4E41-8FA6-AC5B06CE4C9F} = {75A41732-85E7-4C66-8A28-814F4DE0DEE4}
		{7500ECFA-60F7-4C0E-A7DF-41084C862ACF} = {75A41732-85E7-4C66-8A28-814F4DE0DEE4}
		{19410D2D-3DCF-4A57-8CCA-ED78D64E9101} = {75A41732-85E7-4C66-8A28-814F4DE0DEE4}
		{0CA8E2B4-3874-4D8D-A211-87EEBD2C73F2} = {75A41732-85E7-4C66-8A28-814F4DE0DEE4}
		{B5779C65-DE9F-480E-A5B0-77A3396EA39E} = {16859E94-B7E0-43D6-A6B3-3E3AC38EDD59}
	EndGlobalSection
EndGlobal
