
Microsoft Visual Studio Solution File, Format Version 12.00
# Visual Studio 15
VisualStudioVersion = 15.0.26124.0
MinimumVisualStudioVersion = 15.0.26124.0
Project("{2150E333-8FDC-42A3-9474-1A3956D46DE8}") = "tests", "tests", "{C65ED4E0-7830-403A-B5C1-C27F42772320}"
EndProject
Project("{FAE04EC0-301F-11D3-BF4B-00C04F79EFBC}") = "Craftsman.Unit.Tests", "tests\Craftsman.Unit.Tests\Craftsman.Unit.Tests.csproj", "{34D09B39-4563-42E7-A8F1-BDFCD2ECBE66}"
EndProject
Project("{2150E333-8FDC-42A3-9474-1A3956D46DE8}") = "src", "src", "{D4D15218-8490-4149-947D-751D3DDBD327}"
EndProject
Project("{FAE04EC0-301F-11D3-BF4B-00C04F79EFBC}") = "Craftsman.Api", "src\Craftsman.Api\Craftsman.Api.csproj", "{BFE51689-AA47-46A3-AA79-25953C429078}"
EndProject
Project("{FAE04EC0-301F-11D3-BF4B-00C04F79EFBC}") = "Craftsman.Application", "src\Craftsman.Application\Craftsman.Application.csproj", "{4199836C-6D1D-4E83-BFB1-6F9B66AA12EB}"
EndProject
Project("{FAE04EC0-301F-11D3-BF4B-00C04F79EFBC}") = "Craftsman.Domain", "src\Craftsman.Domain\Craftsman.Domain.csproj", "{C467EFE2-6680-46D9-90A2-C446B5049ED4}"
EndProject
Project("{FAE04EC0-301F-11D3-BF4B-00C04F79EFBC}") = "Craftsman.Infrastructure", "src\Craftsman.Infrastructure\Craftsman.Infrastructure.csproj", "{852EE367-1194-480A-9646-0F080C270A06}"
EndProject
Global
	GlobalSection(SolutionConfigurationPlatforms) = preSolution
		Debug|Any CPU = Debug|Any CPU
		Debug|x64 = Debug|x64
		Debug|x86 = Debug|x86
		Release|Any CPU = Release|Any CPU
		Release|x64 = Release|x64
		Release|x86 = Release|x86
	EndGlobalSection
	GlobalSection(SolutionProperties) = preSolution
		HideSolutionNode = FALSE
	EndGlobalSection
	GlobalSection(ProjectConfigurationPlatforms) = postSolution
		{34D09B39-4563-42E7-A8F1-BDFCD2ECBE66}.Debug|Any CPU.ActiveCfg = Debug|Any CPU
		{34D09B39-4563-42E7-A8F1-BDFCD2ECBE66}.Debug|Any CPU.Build.0 = Debug|Any CPU
		{34D09B39-4563-42E7-A8F1-BDFCD2ECBE66}.Debug|x64.ActiveCfg = Debug|Any CPU
		{34D09B39-4563-42E7-A8F1-BDFCD2ECBE66}.Debug|x64.Build.0 = Debug|Any CPU
		{34D09B39-4563-42E7-A8F1-BDFCD2ECBE66}.Debug|x86.ActiveCfg = Debug|Any CPU
		{34D09B39-4563-42E7-A8F1-BDFCD2ECBE66}.Debug|x86.Build.0 = Debug|Any CPU
		{34D09B39-4563-42E7-A8F1-BDFCD2ECBE66}.Release|Any CPU.ActiveCfg = Release|Any CPU
		{34D09B39-4563-42E7-A8F1-BDFCD2ECBE66}.Release|Any CPU.Build.0 = Release|Any CPU
		{34D09B39-4563-42E7-A8F1-BDFCD2ECBE66}.Release|x64.ActiveCfg = Release|Any CPU
		{34D09B39-4563-42E7-A8F1-BDFCD2ECBE66}.Release|x64.Build.0 = Release|Any CPU
		{34D09B39-4563-42E7-A8F1-BDFCD2ECBE66}.Release|x86.ActiveCfg = Release|Any CPU
		{34D09B39-4563-42E7-A8F1-BDFCD2ECBE66}.Release|x86.Build.0 = Release|Any CPU
		{BFE51689-AA47-46A3-AA79-25953C429078}.Debug|Any CPU.ActiveCfg = Debug|Any CPU
		{BFE51689-AA47-46A3-AA79-25953C429078}.Debug|Any CPU.Build.0 = Debug|Any CPU
		{BFE51689-AA47-46A3-AA79-25953C429078}.Debug|x64.ActiveCfg = Debug|Any CPU
		{BFE51689-AA47-46A3-AA79-25953C429078}.Debug|x64.Build.0 = Debug|Any CPU
		{BFE51689-AA47-46A3-AA79-25953C429078}.Debug|x86.ActiveCfg = Debug|Any CPU
		{BFE51689-AA47-46A3-AA79-25953C429078}.Debug|x86.Build.0 = Debug|Any CPU
		{BFE51689-AA47-46A3-AA79-25953C429078}.Release|Any CPU.ActiveCfg = Release|Any CPU
		{BFE51689-AA47-46A3-AA79-25953C429078}.Release|Any CPU.Build.0 = Release|Any CPU
		{BFE51689-AA47-46A3-AA79-25953C429078}.Release|x64.ActiveCfg = Release|Any CPU
		{BFE51689-AA47-46A3-AA79-25953C429078}.Release|x64.Build.0 = Release|Any CPU
		{BFE51689-AA47-46A3-AA79-25953C429078}.Release|x86.ActiveCfg = Release|Any CPU
		{BFE51689-AA47-46A3-AA79-25953C429078}.Release|x86.Build.0 = Release|Any CPU
		{4199836C-6D1D-4E83-BFB1-6F9B66AA12EB}.Debug|Any CPU.ActiveCfg = Debug|Any CPU
		{4199836C-6D1D-4E83-BFB1-6F9B66AA12EB}.Debug|Any CPU.Build.0 = Debug|Any CPU
		{4199836C-6D1D-4E83-BFB1-6F9B66AA12EB}.Debug|x64.ActiveCfg = Debug|Any CPU
		{4199836C-6D1D-4E83-BFB1-6F9B66AA12EB}.Debug|x64.Build.0 = Debug|Any CPU
		{4199836C-6D1D-4E83-BFB1-6F9B66AA12EB}.Debug|x86.ActiveCfg = Debug|Any CPU
		{4199836C-6D1D-4E83-BFB1-6F9B66AA12EB}.Debug|x86.Build.0 = Debug|Any CPU
		{4199836C-6D1D-4E83-BFB1-6F9B66AA12EB}.Release|Any CPU.ActiveCfg = Release|Any CPU
		{4199836C-6D1D-4E83-BFB1-6F9B66AA12EB}.Release|Any CPU.Build.0 = Release|Any CPU
		{4199836C-6D1D-4E83-BFB1-6F9B66AA12EB}.Release|x64.ActiveCfg = Release|Any CPU
		{4199836C-6D1D-4E83-BFB1-6F9B66AA12EB}.Release|x64.Build.0 = Release|Any CPU
		{4199836C-6D1D-4E83-BFB1-6F9B66AA12EB}.Release|x86.ActiveCfg = Release|Any CPU
		{4199836C-6D1D-4E83-BFB1-6F9B66AA12EB}.Release|x86.Build.0 = Release|Any CPU
		{C467EFE2-6680-46D9-90A2-C446B5049ED4}.Debug|Any CPU.ActiveCfg = Debug|Any CPU
		{C467EFE2-6680-46D9-90A2-C446B5049ED4}.Debug|Any CPU.Build.0 = Debug|Any CPU
		{C467EFE2-6680-46D9-90A2-C446B5049ED4}.Debug|x64.ActiveCfg = Debug|Any CPU
		{C467EFE2-6680-46D9-90A2-C446B5049ED4}.Debug|x64.Build.0 = Debug|Any CPU
		{C467EFE2-6680-46D9-90A2-C446B5049ED4}.Debug|x86.ActiveCfg = Debug|Any CPU
		{C467EFE2-6680-46D9-90A2-C446B5049ED4}.Debug|x86.Build.0 = Debug|Any CPU
		{C467EFE2-6680-46D9-90A2-C446B5049ED4}.Release|Any CPU.ActiveCfg = Release|Any CPU
		{C467EFE2-6680-46D9-90A2-C446B5049ED4}.Release|Any CPU.Build.0 = Release|Any CPU
		{C467EFE2-6680-46D9-90A2-C446B5049ED4}.Release|x64.ActiveCfg = Release|Any CPU
		{C467EFE2-6680-46D9-90A2-C446B5049ED4}.Release|x64.Build.0 = Release|Any CPU
		{C467EFE2-6680-46D9-90A2-C446B5049ED4}.Release|x86.ActiveCfg = Release|Any CPU
		{C467EFE2-6680-46D9-90A2-C446B5049ED4}.Release|x86.Build.0 = Release|Any CPU
		{852EE367-1194-480A-9646-0F080C270A06}.Debug|Any CPU.ActiveCfg = Debug|Any CPU
		{852EE367-1194-480A-9646-0F080C270A06}.Debug|Any CPU.Build.0 = Debug|Any CPU
		{852EE367-1194-480A-9646-0F080C270A06}.Debug|x64.ActiveCfg = Debug|Any CPU
		{852EE367-1194-480A-9646-0F080C270A06}.Debug|x64.Build.0 = Debug|Any CPU
		{852EE367-1194-480A-9646-0F080C270A06}.Debug|x86.ActiveCfg = Debug|Any CPU
		{852EE367-1194-480A-9646-0F080C270A06}.Debug|x86.Build.0 = Debug|Any CPU
		{852EE367-1194-480A-9646-0F080C270A06}.Release|Any CPU.ActiveCfg = Release|Any CPU
		{852EE367-1194-480A-9646-0F080C270A06}.Release|Any CPU.Build.0 = Release|Any CPU
		{852EE367-1194-480A-9646-0F080C270A06}.Release|x64.ActiveCfg = Release|Any CPU
		{852EE367-1194-480A-9646-0F080C270A06}.Release|x64.Build.0 = Release|Any CPU
		{852EE367-1194-480A-9646-0F080C270A06}.Release|x86.ActiveCfg = Release|Any CPU
		{852EE367-1194-480A-9646-0F080C270A06}.Release|x86.Build.0 = Release|Any CPU
	EndGlobalSection
	GlobalSection(NestedProjects) = preSolution
		{34D09B39-4563-42E7-A8F1-BDFCD2ECBE66} = {C65ED4E0-7830-403A-B5C1-C27F42772320}
		{BFE51689-AA47-46A3-AA79-25953C429078} = {D4D15218-8490-4149-947D-751D3DDBD327}
		{4199836C-6D1D-4E83-BFB1-6F9B66AA12EB} = {D4D15218-8490-4149-947D-751D3DDBD327}
		{C467EFE2-6680-46D9-90A2-C446B5049ED4} = {D4D15218-8490-4149-947D-751D3DDBD327}
		{852EE367-1194-480A-9646-0F080C270A06} = {D4D15218-8490-4149-947D-751D3DDBD327}
	EndGlobalSection
EndGlobal
