
Microsoft Visual Studio Solution File, Format Version 12.00
# Visual Studio 15
VisualStudioVersion = 15.0.26124.0
MinimumVisualStudioVersion = 15.0.26124.0
Project("{2150E333-8FDC-42A3-9474-1A3956D46DE8}") = "src", "src", "{C6292A5A-91F5-4FAB-A9F4-EBF601C13291}"
EndProject
Project("{FAE04EC0-301F-11D3-BF4B-00C04F79EFBC}") = "Craftsman.Api", "src\Craftsman.Api\Craftsman.Api.csproj", "{810BB7BA-5061-4A1A-B690-9CE967B2F43F}"
EndProject
Project("{FAE04EC0-301F-11D3-BF4B-00C04F79EFBC}") = "Craftsman.Application", "src\Craftsman.Application\Craftsman.Application.csproj", "{03089C49-4E6D-4275-ACB8-E1464C530719}"
EndProject
Project("{FAE04EC0-301F-11D3-BF4B-00C04F79EFBC}") = "Craftsman.Domain", "src\Craftsman.Domain\Craftsman.Domain.csproj", "{0DB138B0-C01C-4A1A-8DEF-4D8811204F36}"
EndProject
Project("{FAE04EC0-301F-11D3-BF4B-00C04F79EFBC}") = "Craftsman.Infrastructure", "src\Craftsman.Infrastructure\Craftsman.Infrastructure.csproj", "{D33EC5E7-1D89-4FD8-BE69-977689056098}"
EndProject
Project("{2150E333-8FDC-42A3-9474-1A3956D46DE8}") = "tests", "tests", "{50D7F32E-9F93-4AA4-9165-6AC0F211A298}"
EndProject
Project("{FAE04EC0-301F-11D3-BF4B-00C04F79EFBC}") = "Craftsman.Tests", "tests\Craftsman.Test\Craftsman.Tests.csproj", "{C3C9F180-BF6A-4DEA-9BDB-08BE685E76A6}"
EndProject
Global
	GlobalSection(SolutionConfigurationPlatforms) = preSolution
		Debug|Any CPU = Debug|Any CPU
		Debug|x64 = Debug|x64
		Debug|x86 = Debug|x86
		Release|Any CPU = Release|Any CPU
		Release|x64 = Release|x64
		Release|x86 = Release|x86
	EndGlobalSection
	GlobalSection(SolutionProperties) = preSolution
		HideSolutionNode = FALSE
	EndGlobalSection
	GlobalSection(ProjectConfigurationPlatforms) = postSolution
		{810BB7BA-5061-4A1A-B690-9CE967B2F43F}.Debug|Any CPU.ActiveCfg = Debug|Any CPU
		{810BB7BA-5061-4A1A-B690-9CE967B2F43F}.Debug|Any CPU.Build.0 = Debug|Any CPU
		{810BB7BA-5061-4A1A-B690-9CE967B2F43F}.Debug|x64.ActiveCfg = Debug|Any CPU
		{810BB7BA-5061-4A1A-B690-9CE967B2F43F}.Debug|x64.Build.0 = Debug|Any CPU
		{810BB7BA-5061-4A1A-B690-9CE967B2F43F}.Debug|x86.ActiveCfg = Debug|Any CPU
		{810BB7BA-5061-4A1A-B690-9CE967B2F43F}.Debug|x86.Build.0 = Debug|Any CPU
		{810BB7BA-5061-4A1A-B690-9CE967B2F43F}.Release|Any CPU.ActiveCfg = Release|Any CPU
		{810BB7BA-5061-4A1A-B690-9CE967B2F43F}.Release|Any CPU.Build.0 = Release|Any CPU
		{810BB7BA-5061-4A1A-B690-9CE967B2F43F}.Release|x64.ActiveCfg = Release|Any CPU
		{810BB7BA-5061-4A1A-B690-9CE967B2F43F}.Release|x64.Build.0 = Release|Any CPU
		{810BB7BA-5061-4A1A-B690-9CE967B2F43F}.Release|x86.ActiveCfg = Release|Any CPU
		{810BB7BA-5061-4A1A-B690-9CE967B2F43F}.Release|x86.Build.0 = Release|Any CPU
		{03089C49-4E6D-4275-ACB8-E1464C530719}.Debug|Any CPU.ActiveCfg = Debug|Any CPU
		{03089C49-4E6D-4275-ACB8-E1464C530719}.Debug|Any CPU.Build.0 = Debug|Any CPU
		{03089C49-4E6D-4275-ACB8-E1464C530719}.Debug|x64.ActiveCfg = Debug|Any CPU
		{03089C49-4E6D-4275-ACB8-E1464C530719}.Debug|x64.Build.0 = Debug|Any CPU
		{03089C49-4E6D-4275-ACB8-E1464C530719}.Debug|x86.ActiveCfg = Debug|Any CPU
		{03089C49-4E6D-4275-ACB8-E1464C530719}.Debug|x86.Build.0 = Debug|Any CPU
		{03089C49-4E6D-4275-ACB8-E1464C530719}.Release|Any CPU.ActiveCfg = Release|Any CPU
		{03089C49-4E6D-4275-ACB8-E1464C530719}.Release|Any CPU.Build.0 = Release|Any CPU
		{03089C49-4E6D-4275-ACB8-E1464C530719}.Release|x64.ActiveCfg = Release|Any CPU
		{03089C49-4E6D-4275-ACB8-E1464C530719}.Release|x64.Build.0 = Release|Any CPU
		{03089C49-4E6D-4275-ACB8-E1464C530719}.Release|x86.ActiveCfg = Release|Any CPU
		{03089C49-4E6D-4275-ACB8-E1464C530719}.Release|x86.Build.0 = Release|Any CPU
		{0DB138B0-C01C-4A1A-8DEF-4D8811204F36}.Debug|Any CPU.ActiveCfg = Debug|Any CPU
		{0DB138B0-C01C-4A1A-8DEF-4D8811204F36}.Debug|Any CPU.Build.0 = Debug|Any CPU
		{0DB138B0-C01C-4A1A-8DEF-4D8811204F36}.Debug|x64.ActiveCfg = Debug|Any CPU
		{0DB138B0-C01C-4A1A-8DEF-4D8811204F36}.Debug|x64.Build.0 = Debug|Any CPU
		{0DB138B0-C01C-4A1A-8DEF-4D8811204F36}.Debug|x86.ActiveCfg = Debug|Any CPU
		{0DB138B0-C01C-4A1A-8DEF-4D8811204F36}.Debug|x86.Build.0 = Debug|Any CPU
		{0DB138B0-C01C-4A1A-8DEF-4D8811204F36}.Release|Any CPU.ActiveCfg = Release|Any CPU
		{0DB138B0-C01C-4A1A-8DEF-4D8811204F36}.Release|Any CPU.Build.0 = Release|Any CPU
		{0DB138B0-C01C-4A1A-8DEF-4D8811204F36}.Release|x64.ActiveCfg = Release|Any CPU
		{0DB138B0-C01C-4A1A-8DEF-4D8811204F36}.Release|x64.Build.0 = Release|Any CPU
		{0DB138B0-C01C-4A1A-8DEF-4D8811204F36}.Release|x86.ActiveCfg = Release|Any CPU
		{0DB138B0-C01C-4A1A-8DEF-4D8811204F36}.Release|x86.Build.0 = Release|Any CPU
		{D33EC5E7-1D89-4FD8-BE69-977689056098}.Debug|Any CPU.ActiveCfg = Debug|Any CPU
		{D33EC5E7-1D89-4FD8-BE69-977689056098}.Debug|Any CPU.Build.0 = Debug|Any CPU
		{D33EC5E7-1D89-4FD8-BE69-977689056098}.Debug|x64.ActiveCfg = Debug|Any CPU
		{D33EC5E7-1D89-4FD8-BE69-977689056098}.Debug|x64.Build.0 = Debug|Any CPU
		{D33EC5E7-1D89-4FD8-BE69-977689056098}.Debug|x86.ActiveCfg = Debug|Any CPU
		{D33EC5E7-1D89-4FD8-BE69-977689056098}.Debug|x86.Build.0 = Debug|Any CPU
		{D33EC5E7-1D89-4FD8-BE69-977689056098}.Release|Any CPU.ActiveCfg = Release|Any CPU
		{D33EC5E7-1D89-4FD8-BE69-977689056098}.Release|Any CPU.Build.0 = Release|Any CPU
		{D33EC5E7-1D89-4FD8-BE69-977689056098}.Release|x64.ActiveCfg = Release|Any CPU
		{D33EC5E7-1D89-4FD8-BE69-977689056098}.Release|x64.Build.0 = Release|Any CPU
		{D33EC5E7-1D89-4FD8-BE69-977689056098}.Release|x86.ActiveCfg = Release|Any CPU
		{D33EC5E7-1D89-4FD8-BE69-977689056098}.Release|x86.Build.0 = Release|Any CPU
		{C3C9F180-BF6A-4DEA-9BDB-08BE685E76A6}.Debug|Any CPU.ActiveCfg = Debug|Any CPU
		{C3C9F180-BF6A-4DEA-9BDB-08BE685E76A6}.Debug|Any CPU.Build.0 = Debug|Any CPU
		{C3C9F180-BF6A-4DEA-9BDB-08BE685E76A6}.Debug|x64.ActiveCfg = Debug|Any CPU
		{C3C9F180-BF6A-4DEA-9BDB-08BE685E76A6}.Debug|x64.Build.0 = Debug|Any CPU
		{C3C9F180-BF6A-4DEA-9BDB-08BE685E76A6}.Debug|x86.ActiveCfg = Debug|Any CPU
		{C3C9F180-BF6A-4DEA-9BDB-08BE685E76A6}.Debug|x86.Build.0 = Debug|Any CPU
		{C3C9F180-BF6A-4DEA-9BDB-08BE685E76A6}.Release|Any CPU.ActiveCfg = Release|Any CPU
		{C3C9F180-BF6A-4DEA-9BDB-08BE685E76A6}.Release|Any CPU.Build.0 = Release|Any CPU
		{C3C9F180-BF6A-4DEA-9BDB-08BE685E76A6}.Release|x64.ActiveCfg = Release|Any CPU
		{C3C9F180-BF6A-4DEA-9BDB-08BE685E76A6}.Release|x64.Build.0 = Release|Any CPU
		{C3C9F180-BF6A-4DEA-9BDB-08BE685E76A6}.Release|x86.ActiveCfg = Release|Any CPU
		{C3C9F180-BF6A-4DEA-9BDB-08BE685E76A6}.Release|x86.Build.0 = Release|Any CPU
	EndGlobalSection
	GlobalSection(NestedProjects) = preSolution
		{810BB7BA-5061-4A1A-B690-9CE967B2F43F} = {C6292A5A-91F5-4FAB-A9F4-EBF601C13291}
		{03089C49-4E6D-4275-ACB8-E1464C530719} = {C6292A5A-91F5-4FAB-A9F4-EBF601C13291}
		{0DB138B0-C01C-4A1A-8DEF-4D8811204F36} = {C6292A5A-91F5-4FAB-A9F4-EBF601C13291}
		{D33EC5E7-1D89-4FD8-BE69-977689056098} = {C6292A5A-91F5-4FAB-A9F4-EBF601C13291}
		{C3C9F180-BF6A-4DEA-9BDB-08BE685E76A6} = {50D7F32E-9F93-4AA4-9165-6AC0F211A298}
	EndGlobalSection
EndGlobal
