
Microsoft Visual Studio Solution File, Format Version 12.00
# Visual Studio 15
VisualStudioVersion = 15.0.26124.0
MinimumVisualStudioVersion = 15.0.26124.0
Project("{FAE04EC0-301F-11D3-BF4B-00C04F79EFBC}") = "FP.DotNet.Domain", "FP.DotNet.Domain\FP.DotNet.Domain.csproj", "{1E7E4945-AB86-40A2-A088-B3BA04575C00}"
EndProject
Project("{FAE04EC0-301F-11D3-BF4B-00C04F79EFBC}") = "FP.DotNet.Tests", "FP.DotNet.Tests\FP.DotNet.Tests.csproj", "{C3DEF2B3-0530-4D28-BF96-6162293E0899}"
EndProject
Project("{FAE04EC0-301F-11D3-BF4B-00C04F79EFBC}") = "FP.DotNet.Shared", "FP.DotNet.Shared\FP.DotNet.Shared.csproj", "{660E912E-E3A5-49A5-ACCD-CA02FA608EDA}"
EndProject
Global
	GlobalSection(SolutionConfigurationPlatforms) = preSolution
		Debug|Any CPU = Debug|Any CPU
		Debug|x64 = Debug|x64
		Debug|x86 = Debug|x86
		Release|Any CPU = Release|Any CPU
		Release|x64 = Release|x64
		Release|x86 = Release|x86
	EndGlobalSection
	GlobalSection(SolutionProperties) = preSolution
		HideSolutionNode = FALSE
	EndGlobalSection
	GlobalSection(ProjectConfigurationPlatforms) = postSolution
		{1E7E4945-AB86-40A2-A088-B3BA04575C00}.Debug|Any CPU.ActiveCfg = Debug|Any CPU
		{1E7E4945-AB86-40A2-A088-B3BA04575C00}.Debug|Any CPU.Build.0 = Debug|Any CPU
		{1E7E4945-AB86-40A2-A088-B3BA04575C00}.Debug|x64.ActiveCfg = Debug|Any CPU
		{1E7E4945-AB86-40A2-A088-B3BA04575C00}.Debug|x64.Build.0 = Debug|Any CPU
		{1E7E4945-AB86-40A2-A088-B3BA04575C00}.Debug|x86.ActiveCfg = Debug|Any CPU
		{1E7E4945-AB86-40A2-A088-B3BA04575C00}.Debug|x86.Build.0 = Debug|Any CPU
		{1E7E4945-AB86-40A2-A088-B3BA04575C00}.Release|Any CPU.ActiveCfg = Release|Any CPU
		{1E7E4945-AB86-40A2-A088-B3BA04575C00}.Release|Any CPU.Build.0 = Release|Any CPU
		{1E7E4945-AB86-40A2-A088-B3BA04575C00}.Release|x64.ActiveCfg = Release|Any CPU
		{1E7E4945-AB86-40A2-A088-B3BA04575C00}.Release|x64.Build.0 = Release|Any CPU
		{1E7E4945-AB86-40A2-A088-B3BA04575C00}.Release|x86.ActiveCfg = Release|Any CPU
		{1E7E4945-AB86-40A2-A088-B3BA04575C00}.Release|x86.Build.0 = Release|Any CPU
		{438DF562-7ED7-405E-A73F-EA336C838B68}.Debug|Any CPU.ActiveCfg = Debug|Any CPU
		{438DF562-7ED7-405E-A73F-EA336C838B68}.Debug|Any CPU.Build.0 = Debug|Any CPU
		{438DF562-7ED7-405E-A73F-EA336C838B68}.Debug|x64.ActiveCfg = Debug|Any CPU
		{438DF562-7ED7-405E-A73F-EA336C838B68}.Debug|x64.Build.0 = Debug|Any CPU
		{438DF562-7ED7-405E-A73F-EA336C838B68}.Debug|x86.ActiveCfg = Debug|Any CPU
		{438DF562-7ED7-405E-A73F-EA336C838B68}.Debug|x86.Build.0 = Debug|Any CPU
		{438DF562-7ED7-405E-A73F-EA336C838B68}.Release|Any CPU.ActiveCfg = Release|Any CPU
		{438DF562-7ED7-405E-A73F-EA336C838B68}.Release|Any CPU.Build.0 = Release|Any CPU
		{438DF562-7ED7-405E-A73F-EA336C838B68}.Release|x64.ActiveCfg = Release|Any CPU
		{438DF562-7ED7-405E-A73F-EA336C838B68}.Release|x64.Build.0 = Release|Any CPU
		{438DF562-7ED7-405E-A73F-EA336C838B68}.Release|x86.ActiveCfg = Release|Any CPU
		{438DF562-7ED7-405E-A73F-EA336C838B68}.Release|x86.Build.0 = Release|Any CPU
		{C3DEF2B3-0530-4D28-BF96-6162293E0899}.Debug|Any CPU.ActiveCfg = Debug|Any CPU
		{C3DEF2B3-0530-4D28-BF96-6162293E0899}.Debug|Any CPU.Build.0 = Debug|Any CPU
		{C3DEF2B3-0530-4D28-BF96-6162293E0899}.Debug|x64.ActiveCfg = Debug|Any CPU
		{C3DEF2B3-0530-4D28-BF96-6162293E0899}.Debug|x64.Build.0 = Debug|Any CPU
		{C3DEF2B3-0530-4D28-BF96-6162293E0899}.Debug|x86.ActiveCfg = Debug|Any CPU
		{C3DEF2B3-0530-4D28-BF96-6162293E0899}.Debug|x86.Build.0 = Debug|Any CPU
		{C3DEF2B3-0530-4D28-BF96-6162293E0899}.Release|Any CPU.ActiveCfg = Release|Any CPU
		{C3DEF2B3-0530-4D28-BF96-6162293E0899}.Release|Any CPU.Build.0 = Release|Any CPU
		{C3DEF2B3-0530-4D28-BF96-6162293E0899}.Release|x64.ActiveCfg = Release|Any CPU
		{C3DEF2B3-0530-4D28-BF96-6162293E0899}.Release|x64.Build.0 = Release|Any CPU
		{C3DEF2B3-0530-4D28-BF96-6162293E0899}.Release|x86.ActiveCfg = Release|Any CPU
		{C3DEF2B3-0530-4D28-BF96-6162293E0899}.Release|x86.Build.0 = Release|Any CPU
		{660E912E-E3A5-49A5-ACCD-CA02FA608EDA}.Debug|Any CPU.ActiveCfg = Debug|Any CPU
		{660E912E-E3A5-49A5-ACCD-CA02FA608EDA}.Debug|Any CPU.Build.0 = Debug|Any CPU
		{660E912E-E3A5-49A5-ACCD-CA02FA608EDA}.Debug|x64.ActiveCfg = Debug|Any CPU
		{660E912E-E3A5-49A5-ACCD-CA02FA608EDA}.Debug|x64.Build.0 = Debug|Any CPU
		{660E912E-E3A5-49A5-ACCD-CA02FA608EDA}.Debug|x86.ActiveCfg = Debug|Any CPU
		{660E912E-E3A5-49A5-ACCD-CA02FA608EDA}.Debug|x86.Build.0 = Debug|Any CPU
		{660E912E-E3A5-49A5-ACCD-CA02FA608EDA}.Release|Any CPU.ActiveCfg = Release|Any CPU
		{660E912E-E3A5-49A5-ACCD-CA02FA608EDA}.Release|Any CPU.Build.0 = Release|Any CPU
		{660E912E-E3A5-49A5-ACCD-CA02FA608EDA}.Release|x64.ActiveCfg = Release|Any CPU
		{660E912E-E3A5-49A5-ACCD-CA02FA608EDA}.Release|x64.Build.0 = Release|Any CPU
		{660E912E-E3A5-49A5-ACCD-CA02FA608EDA}.Release|x86.ActiveCfg = Release|Any CPU
		{660E912E-E3A5-49A5-ACCD-CA02FA608EDA}.Release|x86.Build.0 = Release|Any CPU
	EndGlobalSection
EndGlobal
